
Microsoft Visual Studio Solution File, Format Version 12.00
# Visual Studio Version 17
VisualStudioVersion = 17.9.34607.119
MinimumVisualStudioVersion = 10.0.40219.1
Project("{9A19103F-16F7-4668-BE54-9A1E7A4F7556}") = "Neofilia.Server", "Neofilia.Server\Neofilia.Server.csproj", "{1583339F-6FCA-423D-9EB3-B2939599522F}"
EndProject
Project("{9A19103F-16F7-4668-BE54-9A1E7A4F7556}") = "Neofilia.Domain", "Neofilia.Domain\Neofilia.Domain.csproj", "{6740E601-FE5E-4A55-A77E-AC43AF56BC75}"
EndProject
Project("{9A19103F-16F7-4668-BE54-9A1E7A4F7556}") = "Neofilia.Contracts", "Neofilia.Contracts\Neofilia.Contracts.csproj", "{4F4C7F86-70A6-4EAB-BDBF-3FBDC8AB9F84}"
EndProject
Project("{FAE04EC0-301F-11D3-BF4B-00C04F79EFBC}") = "Neofilia.UnitTests", "Neofilia.UnitTests\Neofilia.UnitTests.csproj", "{C692EF97-C67D-4E4D-B314-6887CBCDEC25}"
EndProject
Global
	GlobalSection(SolutionConfigurationPlatforms) = preSolution
		Debug|Any CPU = Debug|Any CPU
		Release|Any CPU = Release|Any CPU
	EndGlobalSection
	GlobalSection(ProjectConfigurationPlatforms) = postSolution
		{1583339F-6FCA-423D-9EB3-B2939599522F}.Debug|Any CPU.ActiveCfg = Debug|Any CPU
		{1583339F-6FCA-423D-9EB3-B2939599522F}.Debug|Any CPU.Build.0 = Debug|Any CPU
		{1583339F-6FCA-423D-9EB3-B2939599522F}.Release|Any CPU.ActiveCfg = Release|Any CPU
		{1583339F-6FCA-423D-9EB3-B2939599522F}.Release|Any CPU.Build.0 = Release|Any CPU
		{6740E601-FE5E-4A55-A77E-AC43AF56BC75}.Debug|Any CPU.ActiveCfg = Debug|Any CPU
		{6740E601-FE5E-4A55-A77E-AC43AF56BC75}.Debug|Any CPU.Build.0 = Debug|Any CPU
		{6740E601-FE5E-4A55-A77E-AC43AF56BC75}.Release|Any CPU.ActiveCfg = Release|Any CPU
		{6740E601-FE5E-4A55-A77E-AC43AF56BC75}.Release|Any CPU.Build.0 = Release|Any CPU
		{4F4C7F86-70A6-4EAB-BDBF-3FBDC8AB9F84}.Debug|Any CPU.ActiveCfg = Debug|Any CPU
		{4F4C7F86-70A6-4EAB-BDBF-3FBDC8AB9F84}.Debug|Any CPU.Build.0 = Debug|Any CPU
		{4F4C7F86-70A6-4EAB-BDBF-3FBDC8AB9F84}.Release|Any CPU.ActiveCfg = Release|Any CPU
		{4F4C7F86-70A6-4EAB-BDBF-3FBDC8AB9F84}.Release|Any CPU.Build.0 = Release|Any CPU
		{C692EF97-C67D-4E4D-B314-6887CBCDEC25}.Debug|Any CPU.ActiveCfg = Debug|Any CPU
		{C692EF97-C67D-4E4D-B314-6887CBCDEC25}.Debug|Any CPU.Build.0 = Debug|Any CPU
		{C692EF97-C67D-4E4D-B314-6887CBCDEC25}.Release|Any CPU.ActiveCfg = Release|Any CPU
		{C692EF97-C67D-4E4D-B314-6887CBCDEC25}.Release|Any CPU.Build.0 = Release|Any CPU
	EndGlobalSection
	GlobalSection(SolutionProperties) = preSolution
		HideSolutionNode = FALSE
	EndGlobalSection
	GlobalSection(ExtensibilityGlobals) = postSolution
		SolutionGuid = {F71FF520-0D0B-40C8-80B5-20482937F03F}
	EndGlobalSection
EndGlobal
